{
  "name": "nodebb-plugin-sso-telegram",
  "version": "0.0.1",
  "lockfileVersion": 1,
  "requires": true,
  "dependencies": {
    "telegram-passport": {
      "version": "1.0.5",
      "resolved": "https://registry.npmjs.org/telegram-passport/-/telegram-passport-1.0.5.tgz",
      "integrity": "sha512-wxm3/nHu23ZrmpPxnES0EkzWSM3TqK2WDtjrKfGbOOSky8Dg/Jk2vOq5tjJ8hZBXCwJHT2dz6PFM6wANqrCdGA=="
    }
  }
}
